// !$*UTF8*$!
{
	archiveVersion = 1;
	classes = {
	};
	objectVersion = 46;
	objects = {

/* Begin PBXBuildFile section */
		839016C61C6FBDAE0063A5D1 /* TouchViewController.swift in Sources */ = {isa = PBXBuildFile; fileRef = 839016C51C6FBDAE0063A5D1 /* TouchViewController.swift */; };
		839016C81C6FBE4C0063A5D1 /* LocalAuthentication.framework in Frameworks */ = {isa = PBXBuildFile; fileRef = 839016C71C6FBE4C0063A5D1 /* LocalAuthentication.framework */; };
		839016CA1C6FC0AB0063A5D1 /* TouchIDManager.swift in Sources */ = {isa = PBXBuildFile; fileRef = 839016C91C6FC0AB0063A5D1 /* TouchIDManager.swift */; };
		839016CC1C6FC73A0063A5D1 /* Alamofire.framework in Frameworks */ = {isa = PBXBuildFile; fileRef = 839016CB1C6FC73A0063A5D1 /* Alamofire.framework */; };
		839016D31C7005130063A5D1 /* GoogleService-Info.plist in Resources */ = {isa = PBXBuildFile; fileRef = 839016D21C7005130063A5D1 /* GoogleService-Info.plist */; };
		83930F5F1C6FB2F300FE0FBC /* AppDelegate.swift in Sources */ = {isa = PBXBuildFile; fileRef = 83930F5E1C6FB2F300FE0FBC /* AppDelegate.swift */; };
		83930F611C6FB2F300FE0FBC /* ViewController.swift in Sources */ = {isa = PBXBuildFile; fileRef = 83930F601C6FB2F300FE0FBC /* ViewController.swift */; };
		83930F641C6FB2F300FE0FBC /* Main.storyboard in Resources */ = {isa = PBXBuildFile; fileRef = 83930F621C6FB2F300FE0FBC /* Main.storyboard */; };
		83930F661C6FB2F300FE0FBC /* Assets.xcassets in Resources */ = {isa = PBXBuildFile; fileRef = 83930F651C6FB2F300FE0FBC /* Assets.xcassets */; };
		83930F691C6FB2F300FE0FBC /* LaunchScreen.storyboard in Resources */ = {isa = PBXBuildFile; fileRef = 83930F671C6FB2F300FE0FBC /* LaunchScreen.storyboard */; };
		83930F741C6FB2F400FE0FBC /* TouchLoginTests.swift in Sources */ = {isa = PBXBuildFile; fileRef = 83930F731C6FB2F400FE0FBC /* TouchLoginTests.swift */; };
		83930F7F1C6FB2F400FE0FBC /* TouchLoginUITests.swift in Sources */ = {isa = PBXBuildFile; fileRef = 83930F7E1C6FB2F400FE0FBC /* TouchLoginUITests.swift */; };
		F925E0324F0A10CC9AEAB2A6 /* Pods.framework in Frameworks */ = {isa = PBXBuildFile; fileRef = 57D18AB011FA4E0E8336E91B /* Pods.framework */; };
/* End PBXBuildFile section */

/* Begin PBXContainerItemProxy section */
		83930F701C6FB2F400FE0FBC /* PBXContainerItemProxy */ = {
			isa = PBXContainerItemProxy;
			containerPortal = 83930F531C6FB2F300FE0FBC /* Project object */;
			proxyType = 1;
			remoteGlobalIDString = 83930F5A1C6FB2F300FE0FBC;
			remoteInfo = TouchLogin;
		};
		83930F7B1C6FB2F400FE0FBC /* PBXContainerItemProxy */ = {
			isa = PBXContainerItemProxy;
			containerPortal = 83930F531C6FB2F300FE0FBC /* Project object */;
			proxyType = 1;
			remoteGlobalIDString = 83930F5A1C6FB2F300FE0FBC;
			remoteInfo = TouchLogin;
		};
/* End PBXContainerItemProxy section */

/* Begin PBXFileReference section */
		538C935A42269FC62E0D435C /* Pods.release.xcconfig */ = {isa = PBXFileReference; includeInIndex = 1; lastKnownFileType = text.xcconfig; name = Pods.release.xcconfig; path = "Pods/Target Support Files/Pods/Pods.release.xcconfig"; sourceTree = "<group>"; };
		57D18AB011FA4E0E8336E91B /* Pods.framework */ = {isa = PBXFileReference; explicitFileType = wrapper.framework; includeInIndex = 0; path = Pods.framework; sourceTree = BUILT_PRODUCTS_DIR; };
		7C01BCA02E1F2A86BF889C13 /* Pods.debug.xcconfig */ = {isa = PBXFileReference; includeInIndex = 1; lastKnownFileType = text.xcconfig; name = Pods.debug.xcconfig; path = "Pods/Target Support Files/Pods/Pods.debug.xcconfig"; sourceTree = "<group>"; };
		839016C51C6FBDAE0063A5D1 /* TouchViewController.swift */ = {isa = PBXFileReference; fileEncoding = 4; lastKnownFileType = sourcecode.swift; path = TouchViewController.swift; sourceTree = "<group>"; };
		839016C71C6FBE4C0063A5D1 /* LocalAuthentication.framework */ = {isa = PBXFileReference; lastKnownFileType = wrapper.framework; name = LocalAuthentication.framework; path = System/Library/Frameworks/LocalAuthentication.framework; sourceTree = SDKROOT; };
		839016C91C6FC0AB0063A5D1 /* TouchIDManager.swift */ = {isa = PBXFileReference; fileEncoding = 4; lastKnownFileType = sourcecode.swift; path = TouchIDManager.swift; sourceTree = "<group>"; };
		839016CB1C6FC73A0063A5D1 /* Alamofire.framework */ = {isa = PBXFileReference; lastKnownFileType = wrapper.framework; name = Alamofire.framework; path = "Pods/../build/Debug-iphoneos/Alamofire.framework"; sourceTree = "<group>"; };
		839016CE1C6FFB2B0063A5D1 /* TouchLogin-Bridging-Header.h */ = {isa = PBXFileReference; lastKnownFileType = sourcecode.c.h; path = "TouchLogin-Bridging-Header.h"; sourceTree = "<group>"; };
		839016D21C7005130063A5D1 /* GoogleService-Info.plist */ = {isa = PBXFileReference; fileEncoding = 4; lastKnownFileType = text.plist.xml; path = "GoogleService-Info.plist"; sourceTree = "<group>"; };
		83930F5B1C6FB2F300FE0FBC /* TouchLogin.app */ = {isa = PBXFileReference; explicitFileType = wrapper.application; includeInIndex = 0; path = TouchLogin.app; sourceTree = BUILT_PRODUCTS_DIR; };
		83930F5E1C6FB2F300FE0FBC /* AppDelegate.swift */ = {isa = PBXFileReference; lastKnownFileType = sourcecode.swift; path = AppDelegate.swift; sourceTree = "<group>"; };
		83930F601C6FB2F300FE0FBC /* ViewController.swift */ = {isa = PBXFileReference; lastKnownFileType = sourcecode.swift; path = ViewController.swift; sourceTree = "<group>"; };
		83930F631C6FB2F300FE0FBC /* Base */ = {isa = PBXFileReference; lastKnownFileType = file.storyboard; name = Base; path = Base.lproj/Main.storyboard; sourceTree = "<group>"; };
		83930F651C6FB2F300FE0FBC /* Assets.xcassets */ = {isa = PBXFileReference; lastKnownFileType = folder.assetcatalog; path = Assets.xcassets; sourceTree = "<group>"; };
		83930F681C6FB2F300FE0FBC /* Base */ = {isa = PBXFileReference; lastKnownFileType = file.storyboard; name = Base; path = Base.lproj/LaunchScreen.storyboard; sourceTree = "<group>"; };
		83930F6A1C6FB2F300FE0FBC /* Info.plist */ = {isa = PBXFileReference; lastKnownFileType = text.plist.xml; path = Info.plist; sourceTree = "<group>"; };
		83930F6F1C6FB2F400FE0FBC /* TouchLoginTests.xctest */ = {isa = PBXFileReference; explicitFileType = wrapper.cfbundle; includeInIndex = 0; path = TouchLoginTests.xctest; sourceTree = BUILT_PRODUCTS_DIR; };
		83930F731C6FB2F400FE0FBC /* TouchLoginTests.swift */ = {isa = PBXFileReference; lastKnownFileType = sourcecode.swift; path = TouchLoginTests.swift; sourceTree = "<group>"; };
		83930F751C6FB2F400FE0FBC /* Info.plist */ = {isa = PBXFileReference; lastKnownFileType = text.plist.xml; path = Info.plist; sourceTree = "<group>"; };
		83930F7A1C6FB2F400FE0FBC /* TouchLoginUITests.xctest */ = {isa = PBXFileReference; explicitFileType = wrapper.cfbundle; includeInIndex = 0; path = TouchLoginUITests.xctest; sourceTree = BUILT_PRODUCTS_DIR; };
		83930F7E1C6FB2F400FE0FBC /* TouchLoginUITests.swift */ = {isa = PBXFileReference; lastKnownFileType = sourcecode.swift; path = TouchLoginUITests.swift; sourceTree = "<group>"; };
		83930F801C6FB2F400FE0FBC /* Info.plist */ = {isa = PBXFileReference; lastKnownFileType = text.plist.xml; path = Info.plist; sourceTree = "<group>"; };
/* End PBXFileReference section */

/* Begin PBXFrameworksBuildPhase section */
		83930F581C6FB2F300FE0FBC /* Frameworks */ = {
			isa = PBXFrameworksBuildPhase;
			buildActionMask = 2147483647;
			files = (
				839016CC1C6FC73A0063A5D1 /* Alamofire.framework in Frameworks */,
				839016C81C6FBE4C0063A5D1 /* LocalAuthentication.framework in Frameworks */,
				F925E0324F0A10CC9AEAB2A6 /* Pods.framework in Frameworks */,
			);
			runOnlyForDeploymentPostprocessing = 0;
		};
		83930F6C1C6FB2F400FE0FBC /* Frameworks */ = {
			isa = PBXFrameworksBuildPhase;
			buildActionMask = 2147483647;
			files = (
			);
			runOnlyForDeploymentPostprocessing = 0;
		};
		83930F771C6FB2F400FE0FBC /* Frameworks */ = {
			isa = PBXFrameworksBuildPhase;
			buildActionMask = 2147483647;
			files = (
			);
			runOnlyForDeploymentPostprocessing = 0;
		};
/* End PBXFrameworksBuildPhase section */

/* Begin PBXGroup section */
		4AFC6BFD93274A1C5D598F15 /* Frameworks */ = {
			isa = PBXGroup;
			children = (
				839016CB1C6FC73A0063A5D1 /* Alamofire.framework */,
				839016C71C6FBE4C0063A5D1 /* LocalAuthentication.framework */,
				57D18AB011FA4E0E8336E91B /* Pods.framework */,
			);
			name = Frameworks;
			sourceTree = "<group>";
		};
		83930F521C6FB2F300FE0FBC = {
			isa = PBXGroup;
			children = (
				83930F5D1C6FB2F300FE0FBC /* TouchLogin */,
				83930F721C6FB2F400FE0FBC /* TouchLoginTests */,
				83930F7D1C6FB2F400FE0FBC /* TouchLoginUITests */,
				83930F5C1C6FB2F300FE0FBC /* Products */,
				FB08FDA908B07D7BC7010A38 /* Pods */,
				4AFC6BFD93274A1C5D598F15 /* Frameworks */,
			);
			sourceTree = "<group>";
		};
		83930F5C1C6FB2F300FE0FBC /* Products */ = {
			isa = PBXGroup;
			children = (
				83930F5B1C6FB2F300FE0FBC /* TouchLogin.app */,
				83930F6F1C6FB2F400FE0FBC /* TouchLoginTests.xctest */,
				83930F7A1C6FB2F400FE0FBC /* TouchLoginUITests.xctest */,
			);
			name = Products;
			sourceTree = "<group>";
		};
		83930F5D1C6FB2F300FE0FBC /* TouchLogin */ = {
			isa = PBXGroup;
			children = (
				839016D21C7005130063A5D1 /* GoogleService-Info.plist */,
				83930F5E1C6FB2F300FE0FBC /* AppDelegate.swift */,
				83930F601C6FB2F300FE0FBC /* ViewController.swift */,
				83930F621C6FB2F300FE0FBC /* Main.storyboard */,
				83930F651C6FB2F300FE0FBC /* Assets.xcassets */,
				83930F671C6FB2F300FE0FBC /* LaunchScreen.storyboard */,
				83930F6A1C6FB2F300FE0FBC /* Info.plist */,
				839016C51C6FBDAE0063A5D1 /* TouchViewController.swift */,
				839016C91C6FC0AB0063A5D1 /* TouchIDManager.swift */,
				839016CE1C6FFB2B0063A5D1 /* TouchLogin-Bridging-Header.h */,
			);
			path = TouchLogin;
			sourceTree = "<group>";
		};
		83930F721C6FB2F400FE0FBC /* TouchLoginTests */ = {
			isa = PBXGroup;
			children = (
				83930F731C6FB2F400FE0FBC /* TouchLoginTests.swift */,
				83930F751C6FB2F400FE0FBC /* Info.plist */,
			);
			path = TouchLoginTests;
			sourceTree = "<group>";
		};
		83930F7D1C6FB2F400FE0FBC /* TouchLoginUITests */ = {
			isa = PBXGroup;
			children = (
				83930F7E1C6FB2F400FE0FBC /* TouchLoginUITests.swift */,
				83930F801C6FB2F400FE0FBC /* Info.plist */,
			);
			path = TouchLoginUITests;
			sourceTree = "<group>";
		};
		FB08FDA908B07D7BC7010A38 /* Pods */ = {
			isa = PBXGroup;
			children = (
				7C01BCA02E1F2A86BF889C13 /* Pods.debug.xcconfig */,
				538C935A42269FC62E0D435C /* Pods.release.xcconfig */,
			);
			name = Pods;
			sourceTree = "<group>";
		};
/* End PBXGroup section */

/* Begin PBXNativeTarget section */
		83930F5A1C6FB2F300FE0FBC /* TouchLogin */ = {
			isa = PBXNativeTarget;
			buildConfigurationList = 83930F831C6FB2F400FE0FBC /* Build configuration list for PBXNativeTarget "TouchLogin" */;
			buildPhases = (
				F9612D721560D6E04F88ADD9 /* Check Pods Manifest.lock */,
				83930F571C6FB2F300FE0FBC /* Sources */,
				83930F581C6FB2F300FE0FBC /* Frameworks */,
				83930F591C6FB2F300FE0FBC /* Resources */,
				C23C528F62777C5063FF37CA /* Embed Pods Frameworks */,
				EBFF72A40783D380F8B36361 /* Copy Pods Resources */,
			);
			buildRules = (
			);
			dependencies = (
			);
			name = TouchLogin;
			productName = TouchLogin;
			productReference = 83930F5B1C6FB2F300FE0FBC /* TouchLogin.app */;
			productType = "com.apple.product-type.application";
		};
		83930F6E1C6FB2F400FE0FBC /* TouchLoginTests */ = {
			isa = PBXNativeTarget;
			buildConfigurationList = 83930F861C6FB2F400FE0FBC /* Build configuration list for PBXNativeTarget "TouchLoginTests" */;
			buildPhases = (
				83930F6B1C6FB2F400FE0FBC /* Sources */,
				83930F6C1C6FB2F400FE0FBC /* Frameworks */,
				83930F6D1C6FB2F400FE0FBC /* Resources */,
			);
			buildRules = (
			);
			dependencies = (
				83930F711C6FB2F400FE0FBC /* PBXTargetDependency */,
			);
			name = TouchLoginTests;
			productName = TouchLoginTests;
			productReference = 83930F6F1C6FB2F400FE0FBC /* TouchLoginTests.xctest */;
			productType = "com.apple.product-type.bundle.unit-test";
		};
		83930F791C6FB2F400FE0FBC /* TouchLoginUITests */ = {
			isa = PBXNativeTarget;
			buildConfigurationList = 83930F891C6FB2F400FE0FBC /* Build configuration list for PBXNativeTarget "TouchLoginUITests" */;
			buildPhases = (
				83930F761C6FB2F400FE0FBC /* Sources */,
				83930F771C6FB2F400FE0FBC /* Frameworks */,
				83930F781C6FB2F400FE0FBC /* Resources */,
			);
			buildRules = (
			);
			dependencies = (
				83930F7C1C6FB2F400FE0FBC /* PBXTargetDependency */,
			);
			name = TouchLoginUITests;
			productName = TouchLoginUITests;
			productReference = 83930F7A1C6FB2F400FE0FBC /* TouchLoginUITests.xctest */;
			productType = "com.apple.product-type.bundle.ui-testing";
		};
/* End PBXNativeTarget section */

/* Begin PBXProject section */
		83930F531C6FB2F300FE0FBC /* Project object */ = {
			isa = PBXProject;
			attributes = {
				LastSwiftUpdateCheck = 0720;
				LastUpgradeCheck = 0720;
				ORGANIZATIONNAME = TouchLogin;
				TargetAttributes = {
					83930F5A1C6FB2F300FE0FBC = {
						CreatedOnToolsVersion = 7.2.1;
						DevelopmentTeam = U7JWBB6547;
					};
					83930F6E1C6FB2F400FE0FBC = {
						CreatedOnToolsVersion = 7.2.1;
						TestTargetID = 83930F5A1C6FB2F300FE0FBC;
					};
					83930F791C6FB2F400FE0FBC = {
						CreatedOnToolsVersion = 7.2.1;
						TestTargetID = 83930F5A1C6FB2F300FE0FBC;
					};
				};
			};
			buildConfigurationList = 83930F561C6FB2F300FE0FBC /* Build configuration list for PBXProject "TouchLogin" */;
			compatibilityVersion = "Xcode 3.2";
			developmentRegion = English;
			hasScannedForEncodings = 0;
			knownRegions = (
				en,
				Base,
			);
			mainGroup = 83930F521C6FB2F300FE0FBC;
			productRefGroup = 83930F5C1C6FB2F300FE0FBC /* Products */;
			projectDirPath = "";
			projectRoot = "";
			targets = (
				83930F5A1C6FB2F300FE0FBC /* TouchLogin */,
				83930F6E1C6FB2F400FE0FBC /* TouchLoginTests */,
				83930F791C6FB2F400FE0FBC /* TouchLoginUITests */,
			);
		};
/* End PBXProject section */

/* Begin PBXResourcesBuildPhase section */
		83930F591C6FB2F300FE0FBC /* Resources */ = {
			isa = PBXResourcesBuildPhase;
			buildActionMask = 2147483647;
			files = (
				83930F691C6FB2F300FE0FBC /* LaunchScreen.storyboard in Resources */,
				839016D31C7005130063A5D1 /* GoogleService-Info.plist in Resources */,
				83930F661C6FB2F300FE0FBC /* Assets.xcassets in Resources */,
				83930F641C6FB2F300FE0FBC /* Main.storyboard in Resources */,
			);
			runOnlyForDeploymentPostprocessing = 0;
		};
		83930F6D1C6FB2F400FE0FBC /* Resources */ = {
			isa = PBXResourcesBuildPhase;
			buildActionMask = 2147483647;
			files = (
			);
			runOnlyForDeploymentPostprocessing = 0;
		};
		83930F781C6FB2F400FE0FBC /* Resources */ = {
			isa = PBXResourcesBuildPhase;
			buildActionMask = 2147483647;
			files = (
			);
			runOnlyForDeploymentPostprocessing = 0;
		};
/* End PBXResourcesBuildPhase section */

/* Begin PBXShellScriptBuildPhase section */
		C23C528F62777C5063FF37CA /* Embed Pods Frameworks */ = {
			isa = PBXShellScriptBuildPhase;
			buildActionMask = 2147483647;
			files = (
			);
			inputPaths = (
			);
			name = "Embed Pods Frameworks";
			outputPaths = (
			);
			runOnlyForDeploymentPostprocessing = 0;
			shellPath = /bin/sh;
			shellScript = "\"${SRCROOT}/Pods/Target Support Files/Pods/Pods-frameworks.sh\"\n";
			showEnvVarsInLog = 0;
		};
		EBFF72A40783D380F8B36361 /* Copy Pods Resources */ = {
			isa = PBXShellScriptBuildPhase;
			buildActionMask = 2147483647;
			files = (
			);
			inputPaths = (
			);
			name = "Copy Pods Resources";
			outputPaths = (
			);
			runOnlyForDeploymentPostprocessing = 0;
			shellPath = /bin/sh;
			shellScript = "\"${SRCROOT}/Pods/Target Support Files/Pods/Pods-resources.sh\"\n";
			showEnvVarsInLog = 0;
		};
		F9612D721560D6E04F88ADD9 /* Check Pods Manifest.lock */ = {
			isa = PBXShellScriptBuildPhase;
			buildActionMask = 2147483647;
			files = (
			);
			inputPaths = (
			);
			name = "Check Pods Manifest.lock";
			outputPaths = (
			);
			runOnlyForDeploymentPostprocessing = 0;
			shellPath = /bin/sh;
			shellScript = "diff \"${PODS_ROOT}/../Podfile.lock\" \"${PODS_ROOT}/Manifest.lock\" > /dev/null\nif [[ $? != 0 ]] ; then\n    cat << EOM\nerror: The sandbox is not in sync with the Podfile.lock. Run 'pod install' or update your CocoaPods installation.\nEOM\n    exit 1\nfi\n";
			showEnvVarsInLog = 0;
		};
/* End PBXShellScriptBuildPhase section */

/* Begin PBXSourcesBuildPhase section */
		83930F571C6FB2F300FE0FBC /* Sources */ = {
			isa = PBXSourcesBuildPhase;
			buildActionMask = 2147483647;
			files = (
				83930F611C6FB2F300FE0FBC /* ViewController.swift in Sources */,
				83930F5F1C6FB2F300FE0FBC /* AppDelegate.swift in Sources */,
				839016CA1C6FC0AB0063A5D1 /* TouchIDManager.swift in Sources */,
				839016C61C6FBDAE0063A5D1 /* TouchViewController.swift in Sources */,
			);
			runOnlyForDeploymentPostprocessing = 0;
		};
		83930F6B1C6FB2F400FE0FBC /* Sources */ = {
			isa = PBXSourcesBuildPhase;
			buildActionMask = 2147483647;
			files = (
				83930F741C6FB2F400FE0FBC /* TouchLoginTests.swift in Sources */,
			);
			runOnlyForDeploymentPostprocessing = 0;
		};
		83930F761C6FB2F400FE0FBC /* Sources */ = {
			isa = PBXSourcesBuildPhase;
			buildActionMask = 2147483647;
			files = (
				83930F7F1C6FB2F400FE0FBC /* TouchLoginUITests.swift in Sources */,
			);
			runOnlyForDeploymentPostprocessing = 0;
		};
/* End PBXSourcesBuildPhase section */

/* Begin PBXTargetDependency section */
		83930F711C6FB2F400FE0FBC /* PBXTargetDependency */ = {
			isa = PBXTargetDependency;
			target = 83930F5A1C6FB2F300FE0FBC /* TouchLogin */;
			targetProxy = 83930F701C6FB2F400FE0FBC /* PBXContainerItemProxy */;
		};
		83930F7C1C6FB2F400FE0FBC /* PBXTargetDependency */ = {
			isa = PBXTargetDependency;
			target = 83930F5A1C6FB2F300FE0FBC /* TouchLogin */;
			targetProxy = 83930F7B1C6FB2F400FE0FBC /* PBXContainerItemProxy */;
		};
/* End PBXTargetDependency section */

/* Begin PBXVariantGroup section */
		83930F621C6FB2F300FE0FBC /* Main.storyboard */ = {
			isa = PBXVariantGroup;
			children = (
				83930F631C6FB2F300FE0FBC /* Base */,
			);
			name = Main.storyboard;
			sourceTree = "<group>";
		};
		83930F671C6FB2F300FE0FBC /* LaunchScreen.storyboard */ = {
			isa = PBXVariantGroup;
			children = (
				83930F681C6FB2F300FE0FBC /* Base */,
			);
			name = LaunchScreen.storyboard;
			sourceTree = "<group>";
		};
/* End PBXVariantGroup section */

/* Begin XCBuildConfiguration section */
		83930F811C6FB2F400FE0FBC /* Debug */ = {
			isa = XCBuildConfiguration;
			buildSettings = {
				ALWAYS_SEARCH_USER_PATHS = NO;
				CLANG_CXX_LANGUAGE_STANDARD = "gnu++0x";
				CLANG_CXX_LIBRARY = "libc++";
				CLANG_ENABLE_MODULES = YES;
				CLANG_ENABLE_OBJC_ARC = YES;
				CLANG_WARN_BOOL_CONVERSION = YES;
				CLANG_WARN_CONSTANT_CONVERSION = YES;
				CLANG_WARN_DIRECT_OBJC_ISA_USAGE = YES_ERROR;
				CLANG_WARN_EMPTY_BODY = YES;
				CLANG_WARN_ENUM_CONVERSION = YES;
				CLANG_WARN_INT_CONVERSION = YES;
				CLANG_WARN_OBJC_ROOT_CLASS = YES_ERROR;
				CLANG_WARN_UNREACHABLE_CODE = YES;
				CLANG_WARN__DUPLICATE_METHOD_MATCH = YES;
				"CODE_SIGN_IDENTITY[sdk=iphoneos*]" = "iPhone Developer";
				COPY_PHASE_STRIP = NO;
				DEBUG_INFORMATION_FORMAT = dwarf;
				ENABLE_BITCODE = NO;
				ENABLE_STRICT_OBJC_MSGSEND = YES;
				ENABLE_TESTABILITY = YES;
				GCC_C_LANGUAGE_STANDARD = gnu99;
				GCC_DYNAMIC_NO_PIC = NO;
				GCC_NO_COMMON_BLOCKS = YES;
				GCC_OPTIMIZATION_LEVEL = 0;
				GCC_PREPROCESSOR_DEFINITIONS = (
					"DEBUG=1",
					"$(inherited)",
				);
				GCC_WARN_64_TO_32_BIT_CONVERSION = YES;
				GCC_WARN_ABOUT_RETURN_TYPE = YES_ERROR;
				GCC_WARN_UNDECLARED_SELECTOR = YES;
				GCC_WARN_UNINITIALIZED_AUTOS = YES_AGGRESSIVE;
				GCC_WARN_UNUSED_FUNCTION = YES;
				GCC_WARN_UNUSED_VARIABLE = YES;
				IPHONEOS_DEPLOYMENT_TARGET = 9.2;
				MTL_ENABLE_DEBUG_INFO = YES;
				ONLY_ACTIVE_ARCH = YES;
				SDKROOT = iphoneos;
				SWIFT_OPTIMIZATION_LEVEL = "-Onone";
				TARGETED_DEVICE_FAMILY = "1,2";
			};
			name = Debug;
		};
		83930F821C6FB2F400FE0FBC /* Release */ = {
			isa = XCBuildConfiguration;
			buildSettings = {
				ALWAYS_SEARCH_USER_PATHS = NO;
				CLANG_CXX_LANGUAGE_STANDARD = "gnu++0x";
				CLANG_CXX_LIBRARY = "libc++";
				CLANG_ENABLE_MODULES = YES;
				CLANG_ENABLE_OBJC_ARC = YES;
				CLANG_WARN_BOOL_CONVERSION = YES;
				CLANG_WARN_CONSTANT_CONVERSION = YES;
				CLANG_WARN_DIRECT_OBJC_ISA_USAGE = YES_ERROR;
				CLANG_WARN_EMPTY_BODY = YES;
				CLANG_WARN_ENUM_CONVERSION = YES;
				CLANG_WARN_INT_CONVERSION = YES;
				CLANG_WARN_OBJC_ROOT_CLASS = YES_ERROR;
				CLANG_WARN_UNREACHABLE_CODE = YES;
				CLANG_WARN__DUPLICATE_METHOD_MATCH = YES;
				"CODE_SIGN_IDENTITY[sdk=iphoneos*]" = "iPhone Developer";
				COPY_PHASE_STRIP = NO;
				DEBUG_INFORMATION_FORMAT = "dwarf-with-dsym";
				ENABLE_BITCODE = NO;
				ENABLE_NS_ASSERTIONS = NO;
				ENABLE_STRICT_OBJC_MSGSEND = YES;
				GCC_C_LANGUAGE_STANDARD = gnu99;
				GCC_NO_COMMON_BLOCKS = YES;
				GCC_WARN_64_TO_32_BIT_CONVERSION = YES;
				GCC_WARN_ABOUT_RETURN_TYPE = YES_ERROR;
				GCC_WARN_UNDECLARED_SELECTOR = YES;
				GCC_WARN_UNINITIALIZED_AUTOS = YES_AGGRESSIVE;
				GCC_WARN_UNUSED_FUNCTION = YES;
				GCC_WARN_UNUSED_VARIABLE = YES;
				IPHONEOS_DEPLOYMENT_TARGET = 9.2;
				MTL_ENABLE_DEBUG_INFO = NO;
				SDKROOT = iphoneos;
				TARGETED_DEVICE_FAMILY = "1,2";
				VALIDATE_PRODUCT = YES;
			};
			name = Release;
		};
		83930F841C6FB2F400FE0FBC /* Debug */ = {
			isa = XCBuildConfiguration;
			baseConfigurationReference = 7C01BCA02E1F2A86BF889C13 /* Pods.debug.xcconfig */;
			buildSettings = {
				ASSETCATALOG_COMPILER_APPICON_NAME = AppIcon;
				CLANG_ENABLE_MODULES = YES;
				CODE_SIGN_IDENTITY = "iPhone Developer";
				"CODE_SIGN_IDENTITY[sdk=iphoneos*]" = "iPhone Developer";
				FRAMEWORK_SEARCH_PATHS = (
					"$(inherited)",
					"$(PROJECT_DIR)/build/Debug-iphoneos",
				);
				INFOPLIST_FILE = TouchLogin/Info.plist;
				LD_RUNPATH_SEARCH_PATHS = "$(inherited) @executable_path/Frameworks";
				PRODUCT_BUNDLE_IDENTIFIER = com.touchlogin.TouchLogin;
				PRODUCT_NAME = "$(TARGET_NAME)";
				PROVISIONING_PROFILE = "";
				SWIFT_OBJC_BRIDGING_HEADER = "TouchLogin/TouchLogin-Bridging-Header.h";
				SWIFT_OPTIMIZATION_LEVEL = "-Onone";
			};
			name = Debug;
		};
		83930F851C6FB2F400FE0FBC /* Release */ = {
			isa = XCBuildConfiguration;
			baseConfigurationReference = 538C935A42269FC62E0D435C /* Pods.release.xcconfig */;
			buildSettings = {
				ASSETCATALOG_COMPILER_APPICON_NAME = AppIcon;
				CLANG_ENABLE_MODULES = YES;
				CODE_SIGN_IDENTITY = "iPhone Developer";
				"CODE_SIGN_IDENTITY[sdk=iphoneos*]" = "iPhone Developer";
				FRAMEWORK_SEARCH_PATHS = (
					"$(inherited)",
					"$(PROJECT_DIR)/build/Debug-iphoneos",
				);
				INFOPLIST_FILE = TouchLogin/Info.plist;
				LD_RUNPATH_SEARCH_PATHS = "$(inherited) @executable_path/Frameworks";
				PRODUCT_BUNDLE_IDENTIFIER = com.touchlogin.TouchLogin;
				PRODUCT_NAME = "$(TARGET_NAME)";
				PROVISIONING_PROFILE = "";
				SWIFT_OBJC_BRIDGING_HEADER = "TouchLogin/TouchLogin-Bridging-Header.h";
			};
			name = Release;
		};
		83930F871C6FB2F400FE0FBC /* Debug */ = {
			isa = XCBuildConfiguration;
			buildSettings = {
				BUNDLE_LOADER = "$(TEST_HOST)";
				INFOPLIST_FILE = TouchLoginTests/Info.plist;
				LD_RUNPATH_SEARCH_PATHS = "$(inherited) @executable_path/Frameworks @loader_path/Frameworks";
				PRODUCT_BUNDLE_IDENTIFIER = com.touchlogin.TouchLoginTests;
				PRODUCT_NAME = "$(TARGET_NAME)";
				TEST_HOST = "$(BUILT_PRODUCTS_DIR)/TouchLogin.app/TouchLogin";
			};
			name = Debug;
		};
		83930F881C6FB2F400FE0FBC /* Release */ = {
			isa = XCBuildConfiguration;
			buildSettings = {
				BUNDLE_LOADER = "$(TEST_HOST)";
				INFOPLIST_FILE = TouchLoginTests/Info.plist;
				LD_RUNPATH_SEARCH_PATHS = "$(inherited) @executable_path/Frameworks @loader_path/Frameworks";
				PRODUCT_BUNDLE_IDENTIFIER = com.touchlogin.TouchLoginTests;
				PRODUCT_NAME = "$(TARGET_NAME)";
				TEST_HOST = "$(BUILT_PRODUCTS_DIR)/TouchLogin.app/TouchLogin";
			};
			name = Release;
		};
		83930F8A1C6FB2F400FE0FBC /* Debug */ = {
			isa = XCBuildConfiguration;
			buildSettings = {
				INFOPLIST_FILE = TouchLoginUITests/Info.plist;
				LD_RUNPATH_SEARCH_PATHS = "$(inherited) @executable_path/Frameworks @loader_path/Frameworks";
				PRODUCT_BUNDLE_IDENTIFIER = com.touchlogin.TouchLoginUITests;
				PRODUCT_NAME = "$(TARGET_NAME)";
				TEST_TARGET_NAME = TouchLogin;
				USES_XCTRUNNER = YES;
			};
			name = Debug;
		};
		83930F8B1C6FB2F400FE0FBC /* Release */ = {
			isa = XCBuildConfiguration;
			buildSettings = {
				INFOPLIST_FILE = TouchLoginUITests/Info.plist;
				LD_RUNPATH_SEARCH_PATHS = "$(inherited) @executable_path/Frameworks @loader_path/Frameworks";
				PRODUCT_BUNDLE_IDENTIFIER = com.touchlogin.TouchLoginUITests;
				PRODUCT_NAME = "$(TARGET_NAME)";
				TEST_TARGET_NAME = TouchLogin;
				USES_XCTRUNNER = YES;
			};
			name = Release;
		};
/* End XCBuildConfiguration section */

/* Begin XCConfigurationList section */
		83930F561C6FB2F300FE0FBC /* Build configuration list for PBXProject "TouchLogin" */ = {
			isa = XCConfigurationList;
			buildConfigurations = (
				83930F811C6FB2F400FE0FBC /* Debug */,
				83930F821C6FB2F400FE0FBC /* Release */,
			);
			defaultConfigurationIsVisible = 0;
			defaultConfigurationName = Release;
		};
		83930F831C6FB2F400FE0FBC /* Build configuration list for PBXNativeTarget "TouchLogin" */ = {
			isa = XCConfigurationList;
			buildConfigurations = (
				83930F841C6FB2F400FE0FBC /* Debug */,
				83930F851C6FB2F400FE0FBC /* Release */,
			);
			defaultConfigurationIsVisible = 0;
			defaultConfigurationName = Release;
		};
		83930F861C6FB2F400FE0FBC /* Build configuration list for PBXNativeTarget "TouchLoginTests" */ = {
			isa = XCConfigurationList;
			buildConfigurations = (
				83930F871C6FB2F400FE0FBC /* Debug */,
				83930F881C6FB2F400FE0FBC /* Release */,
			);
			defaultConfigurationIsVisible = 0;
			defaultConfigurationName = Release;
		};
		83930F891C6FB2F400FE0FBC /* Build configuration list for PBXNativeTarget "TouchLoginUITests" */ = {
			isa = XCConfigurationList;
			buildConfigurations = (
				83930F8A1C6FB2F400FE0FBC /* Debug */,
				83930F8B1C6FB2F400FE0FBC /* Release */,
			);
			defaultConfigurationIsVisible = 0;
			defaultConfigurationName = Release;
		};
/* End XCConfigurationList section */
	};
	rootObject = 83930F531C6FB2F300FE0FBC /* Project object */;
}
